
Microsoft Visual Studio Solution File, Format Version 12.00
# Visual Studio Version 17
VisualStudioVersion = 17.10.34916.146
MinimumVisualStudioVersion = 10.0.40219.1
Project("{FAE04EC0-301F-11D3-BF4B-00C04F79EFBC}") = "E-commerce", "E-commerce\E-commerce.csproj", "{8C21D6F2-D5E4-49CA-B6B9-4AA728EC965D}"
EndProject
Global
	GlobalSection(SolutionConfigurationPlatforms) = preSolution
		Debug|Any CPU = Debug|Any CPU
		Release|Any CPU = Release|Any CPU
	EndGlobalSection
	GlobalSection(ProjectConfigurationPlatforms) = postSolution
		{8C21D6F2-D5E4-49CA-B6B9-4AA728EC965D}.Debug|Any CPU.ActiveCfg = Debug|Any CPU
		{8C21D6F2-D5E4-49CA-B6B9-4AA728EC965D}.Debug|Any CPU.Build.0 = Debug|Any CPU
		{8C21D6F2-D5E4-49CA-B6B9-4AA728EC965D}.Release|Any CPU.ActiveCfg = Release|Any CPU
		{8C21D6F2-D5E4-49CA-B6B9-4AA728EC965D}.Release|Any CPU.Build.0 = Release|Any CPU
	EndGlobalSection
	GlobalSection(SolutionProperties) = preSolution
		HideSolutionNode = FALSE
	EndGlobalSection
	GlobalSection(ExtensibilityGlobals) = postSolution
		SolutionGuid = {0A472BF8-D57C-4B98-8ACF-B2CA26D87604}
	EndGlobalSection
EndGlobal
